
Microsoft Visual Studio Solution File, Format Version 12.00
# Visual Studio Version 17
VisualStudioVersion = 17.0.31903.59
MinimumVisualStudioVersion = 10.0.40219.1
Project("{9A19103F-16F7-4668-BE54-9A1E7A4F7556}") = "MockOzowMe.Application", "MockOzowMe.Application\MockOzowMe.Application.csproj", "{DEFD5A16-F769-401F-B3F9-6891D1DB881F}"
EndProject
Project("{9A19103F-16F7-4668-BE54-9A1E7A4F7556}") = "MockOzowMe.Domain", "MockOzowMe.Domain\MockOzowMe.Domain.csproj", "{05A7288D-1E31-41C0-8584-1BE41A9077FB}"
EndProject
Project("{9A19103F-16F7-4668-BE54-9A1E7A4F7556}") = "MockOzowMe.HttpApi", "MockOzowMe.HttpApi\MockOzowMe.HttpApi.csproj", "{9300A34D-D887-4A45-A1CF-8C04DD1D9525}"
EndProject
Project("{9A19103F-16F7-4668-BE54-9A1E7A4F7556}") = "MockOzowMe.Infrastructure", "MockOzowMe.Infrastructure\MockOzowMe.Infrastructure.csproj", "{C3DF6E8E-C478-4F38-96AA-DDFA67F379D1}"
EndProject
Project("{FAE04EC0-301F-11D3-BF4B-00C04F79EFBC}") = "MockOzowMe.Tests", "..\tests\MockOzowMe.Tests\MockOzowMe.Tests.csproj", "{A9F10B3C-990D-4B12-B506-6A725CFFE609}"
EndProject
Global
	GlobalSection(SolutionConfigurationPlatforms) = preSolution
		Debug|Any CPU = Debug|Any CPU
		Release|Any CPU = Release|Any CPU
	EndGlobalSection
	GlobalSection(ProjectConfigurationPlatforms) = postSolution
		{DEFD5A16-F769-401F-B3F9-6891D1DB881F}.Debug|Any CPU.ActiveCfg = Debug|Any CPU
		{DEFD5A16-F769-401F-B3F9-6891D1DB881F}.Debug|Any CPU.Build.0 = Debug|Any CPU
		{DEFD5A16-F769-401F-B3F9-6891D1DB881F}.Release|Any CPU.ActiveCfg = Release|Any CPU
		{DEFD5A16-F769-401F-B3F9-6891D1DB881F}.Release|Any CPU.Build.0 = Release|Any CPU
		{05A7288D-1E31-41C0-8584-1BE41A9077FB}.Debug|Any CPU.ActiveCfg = Debug|Any CPU
		{05A7288D-1E31-41C0-8584-1BE41A9077FB}.Debug|Any CPU.Build.0 = Debug|Any CPU
		{05A7288D-1E31-41C0-8584-1BE41A9077FB}.Release|Any CPU.ActiveCfg = Release|Any CPU
		{05A7288D-1E31-41C0-8584-1BE41A9077FB}.Release|Any CPU.Build.0 = Release|Any CPU
		{9300A34D-D887-4A45-A1CF-8C04DD1D9525}.Debug|Any CPU.ActiveCfg = Debug|Any CPU
		{9300A34D-D887-4A45-A1CF-8C04DD1D9525}.Debug|Any CPU.Build.0 = Debug|Any CPU
		{9300A34D-D887-4A45-A1CF-8C04DD1D9525}.Release|Any CPU.ActiveCfg = Release|Any CPU
		{9300A34D-D887-4A45-A1CF-8C04DD1D9525}.Release|Any CPU.Build.0 = Release|Any CPU
		{C3DF6E8E-C478-4F38-96AA-DDFA67F379D1}.Debug|Any CPU.ActiveCfg = Debug|Any CPU
		{C3DF6E8E-C478-4F38-96AA-DDFA67F379D1}.Debug|Any CPU.Build.0 = Debug|Any CPU
		{C3DF6E8E-C478-4F38-96AA-DDFA67F379D1}.Release|Any CPU.ActiveCfg = Release|Any CPU
		{C3DF6E8E-C478-4F38-96AA-DDFA67F379D1}.Release|Any CPU.Build.0 = Release|Any CPU
		{A9F10B3C-990D-4B12-B506-6A725CFFE609}.Debug|Any CPU.ActiveCfg = Debug|Any CPU
		{A9F10B3C-990D-4B12-B506-6A725CFFE609}.Debug|Any CPU.Build.0 = Debug|Any CPU
		{A9F10B3C-990D-4B12-B506-6A725CFFE609}.Release|Any CPU.ActiveCfg = Release|Any CPU
		{A9F10B3C-990D-4B12-B506-6A725CFFE609}.Release|Any CPU.Build.0 = Release|Any CPU
	EndGlobalSection
	GlobalSection(SolutionProperties) = preSolution
		HideSolutionNode = FALSE
	EndGlobalSection
	GlobalSection(ExtensibilityGlobals) = postSolution
		SolutionGuid = {C27B0753-16F5-4029-98CF-B10A1D366F79}
	EndGlobalSection
EndGlobal
